
Microsoft Visual Studio Solution File, Format Version 12.00
# Visual Studio 14
VisualStudioVersion = 14.0.25420.1
MinimumVisualStudioVersion = 10.0.40219.1
Project("{FAE04EC0-301F-11D3-BF4B-00C04F79EFBC}") = "Neuroph", "Neuroph\Neuroph.csproj", "{45EC3818-5EAD-4B4D-9B58-67F24EB06C4D}"
EndProject
Project("{FAE04EC0-301F-11D3-BF4B-00C04F79EFBC}") = "TestNeuroph", "TestNeuroph\TestNeuroph.csproj", "{D869EFF9-83C9-40C8-BD4E-0ECBE2833469}"
EndProject
Global
	GlobalSection(SolutionConfigurationPlatforms) = preSolution
		Debug|Any CPU = Debug|Any CPU
		Debug|ARM = Debug|ARM
		Debug|x64 = Debug|x64
		Debug|x86 = Debug|x86
		Release|Any CPU = Release|Any CPU
		Release|ARM = Release|ARM
		Release|x64 = Release|x64
		Release|x86 = Release|x86
	EndGlobalSection
	GlobalSection(ProjectConfigurationPlatforms) = postSolution
		{45EC3818-5EAD-4B4D-9B58-67F24EB06C4D}.Debug|Any CPU.ActiveCfg = Debug|Any CPU
		{45EC3818-5EAD-4B4D-9B58-67F24EB06C4D}.Debug|Any CPU.Build.0 = Debug|Any CPU
		{45EC3818-5EAD-4B4D-9B58-67F24EB06C4D}.Debug|ARM.ActiveCfg = Debug|Any CPU
		{45EC3818-5EAD-4B4D-9B58-67F24EB06C4D}.Debug|ARM.Build.0 = Debug|Any CPU
		{45EC3818-5EAD-4B4D-9B58-67F24EB06C4D}.Debug|x64.ActiveCfg = Debug|Any CPU
		{45EC3818-5EAD-4B4D-9B58-67F24EB06C4D}.Debug|x64.Build.0 = Debug|Any CPU
		{45EC3818-5EAD-4B4D-9B58-67F24EB06C4D}.Debug|x86.ActiveCfg = Debug|Any CPU
		{45EC3818-5EAD-4B4D-9B58-67F24EB06C4D}.Debug|x86.Build.0 = Debug|Any CPU
		{45EC3818-5EAD-4B4D-9B58-67F24EB06C4D}.Release|Any CPU.ActiveCfg = Release|Any CPU
		{45EC3818-5EAD-4B4D-9B58-67F24EB06C4D}.Release|Any CPU.Build.0 = Release|Any CPU
		{45EC3818-5EAD-4B4D-9B58-67F24EB06C4D}.Release|ARM.ActiveCfg = Release|Any CPU
		{45EC3818-5EAD-4B4D-9B58-67F24EB06C4D}.Release|ARM.Build.0 = Release|Any CPU
		{45EC3818-5EAD-4B4D-9B58-67F24EB06C4D}.Release|x64.ActiveCfg = Release|Any CPU
		{45EC3818-5EAD-4B4D-9B58-67F24EB06C4D}.Release|x64.Build.0 = Release|Any CPU
		{45EC3818-5EAD-4B4D-9B58-67F24EB06C4D}.Release|x86.ActiveCfg = Release|Any CPU
		{45EC3818-5EAD-4B4D-9B58-67F24EB06C4D}.Release|x86.Build.0 = Release|Any CPU
		{D869EFF9-83C9-40C8-BD4E-0ECBE2833469}.Debug|Any CPU.ActiveCfg = Debug|Any CPU
		{D869EFF9-83C9-40C8-BD4E-0ECBE2833469}.Debug|Any CPU.Build.0 = Debug|Any CPU
		{D869EFF9-83C9-40C8-BD4E-0ECBE2833469}.Debug|ARM.ActiveCfg = Debug|Any CPU
		{D869EFF9-83C9-40C8-BD4E-0ECBE2833469}.Debug|ARM.Build.0 = Debug|Any CPU
		{D869EFF9-83C9-40C8-BD4E-0ECBE2833469}.Debug|x64.ActiveCfg = Debug|Any CPU
		{D869EFF9-83C9-40C8-BD4E-0ECBE2833469}.Debug|x64.Build.0 = Debug|Any CPU
		{D869EFF9-83C9-40C8-BD4E-0ECBE2833469}.Debug|x86.ActiveCfg = Debug|Any CPU
		{D869EFF9-83C9-40C8-BD4E-0ECBE2833469}.Debug|x86.Build.0 = Debug|Any CPU
		{D869EFF9-83C9-40C8-BD4E-0ECBE2833469}.Release|Any CPU.ActiveCfg = Release|Any CPU
		{D869EFF9-83C9-40C8-BD4E-0ECBE2833469}.Release|Any CPU.Build.0 = Release|Any CPU
		{D869EFF9-83C9-40C8-BD4E-0ECBE2833469}.Release|ARM.ActiveCfg = Release|Any CPU
		{D869EFF9-83C9-40C8-BD4E-0ECBE2833469}.Release|ARM.Build.0 = Release|Any CPU
		{D869EFF9-83C9-40C8-BD4E-0ECBE2833469}.Release|x64.ActiveCfg = Release|Any CPU
		{D869EFF9-83C9-40C8-BD4E-0ECBE2833469}.Release|x64.Build.0 = Release|Any CPU
		{D869EFF9-83C9-40C8-BD4E-0ECBE2833469}.Release|x86.ActiveCfg = Release|Any CPU
		{D869EFF9-83C9-40C8-BD4E-0ECBE2833469}.Release|x86.Build.0 = Release|Any CPU
	EndGlobalSection
	GlobalSection(SolutionProperties) = preSolution
		HideSolutionNode = FALSE
	EndGlobalSection
EndGlobal
